
Microsoft Visual Studio Solution File, Format Version 12.00
# Visual Studio 14
VisualStudioVersion = 14.0.24720.0
MinimumVisualStudioVersion = 10.0.40219.1
Project("{FAE04EC0-301F-11D3-BF4B-00C04F79EFBC}") = "VirtualSuspect", "VirtualSuspect\VirtualSuspect.csproj", "{27EEA46D-3298-4315-B082-F61096444D36}"
EndProject
Project("{FAE04EC0-301F-11D3-BF4B-00C04F79EFBC}") = "Interpreter", "Interpreter\Interpreter.csproj", "{D69F52E2-5FBA-4B70-9317-DDB142B0EB82}"
EndProject
Project("{FAE04EC0-301F-11D3-BF4B-00C04F79EFBC}") = "VirtualSupectQuestionAnswering", "VirtualSupectQuestionAnswering\VirtualSupectQuestionAnswering.csproj", "{054C1783-0064-4F7F-AE58-916DB63D3A96}"
EndProject
Project("{FAE04EC0-301F-11D3-BF4B-00C04F79EFBC}") = "VirtualSuspectUI", "VirtualSuspectUI\VirtualSuspectUI.csproj", "{3739A240-503F-4E54-9791-96FAD6EA961B}"
EndProject
Project("{FAE04EC0-301F-11D3-BF4B-00C04F79EFBC}") = "VirtualSuspectNaturalLanguage", "VirtualSuspectNaturalLanguage\VirtualSuspectNaturalLanguage.csproj", "{1A666C63-29DB-4012-AF41-B7BCFB23F33A}"
EndProject
Global
	GlobalSection(SolutionConfigurationPlatforms) = preSolution
		Debug|Any CPU = Debug|Any CPU
		Release|Any CPU = Release|Any CPU
	EndGlobalSection
	GlobalSection(ProjectConfigurationPlatforms) = postSolution
		{27EEA46D-3298-4315-B082-F61096444D36}.Debug|Any CPU.ActiveCfg = Debug|Any CPU
		{27EEA46D-3298-4315-B082-F61096444D36}.Debug|Any CPU.Build.0 = Debug|Any CPU
		{27EEA46D-3298-4315-B082-F61096444D36}.Release|Any CPU.ActiveCfg = Release|Any CPU
		{27EEA46D-3298-4315-B082-F61096444D36}.Release|Any CPU.Build.0 = Release|Any CPU
		{D69F52E2-5FBA-4B70-9317-DDB142B0EB82}.Debug|Any CPU.ActiveCfg = Debug|Any CPU
		{D69F52E2-5FBA-4B70-9317-DDB142B0EB82}.Debug|Any CPU.Build.0 = Debug|Any CPU
		{D69F52E2-5FBA-4B70-9317-DDB142B0EB82}.Release|Any CPU.ActiveCfg = Release|Any CPU
		{D69F52E2-5FBA-4B70-9317-DDB142B0EB82}.Release|Any CPU.Build.0 = Release|Any CPU
		{054C1783-0064-4F7F-AE58-916DB63D3A96}.Debug|Any CPU.ActiveCfg = Debug|Any CPU
		{054C1783-0064-4F7F-AE58-916DB63D3A96}.Debug|Any CPU.Build.0 = Debug|Any CPU
		{054C1783-0064-4F7F-AE58-916DB63D3A96}.Release|Any CPU.ActiveCfg = Release|Any CPU
		{054C1783-0064-4F7F-AE58-916DB63D3A96}.Release|Any CPU.Build.0 = Release|Any CPU
		{3739A240-503F-4E54-9791-96FAD6EA961B}.Debug|Any CPU.ActiveCfg = Debug|Any CPU
		{3739A240-503F-4E54-9791-96FAD6EA961B}.Debug|Any CPU.Build.0 = Debug|Any CPU
		{3739A240-503F-4E54-9791-96FAD6EA961B}.Release|Any CPU.ActiveCfg = Release|Any CPU
		{3739A240-503F-4E54-9791-96FAD6EA961B}.Release|Any CPU.Build.0 = Release|Any CPU
		{1A666C63-29DB-4012-AF41-B7BCFB23F33A}.Debug|Any CPU.ActiveCfg = Debug|Any CPU
		{1A666C63-29DB-4012-AF41-B7BCFB23F33A}.Debug|Any CPU.Build.0 = Debug|Any CPU
		{1A666C63-29DB-4012-AF41-B7BCFB23F33A}.Release|Any CPU.ActiveCfg = Release|Any CPU
		{1A666C63-29DB-4012-AF41-B7BCFB23F33A}.Release|Any CPU.Build.0 = Release|Any CPU
	EndGlobalSection
	GlobalSection(SolutionProperties) = preSolution
		HideSolutionNode = FALSE
	EndGlobalSection
EndGlobal
